{
    "_readme": [
        "This file locks the dependencies of your project to a known state",
        "Read more about it at https://getcomposer.org/doc/01-basic-usage.md#installing-dependencies",
        "This file is @generated automatically"
    ],
    "content-hash": "58347d956dea05b3a5ed766b9e17fd3a",
    "packages": [
        {
            "name": "laminas/laminas-component-installer",
            "version": "2.8.0",
            "source": {
                "type": "git",
                "url": "https://github.com/laminas/laminas-component-installer.git",
                "reference": "3c998d2b2755985c71cd4d5d9b294228f63d3a65"
            },
            "dist": {
                "type": "zip",
                "url": "https://api.github.com/repos/laminas/laminas-component-installer/zipball/3c998d2b2755985c71cd4d5d9b294228f63d3a65",
                "reference": "3c998d2b2755985c71cd4d5d9b294228f63d3a65",
                "shasum": ""
            },
            "require": {
                "composer-plugin-api": "^1.0 || ^2.0",
                "php": "^7.4 || ~8.0.0 || ~8.1.0"
            },
            "conflict": {
                "zendframework/zend-component-installer": "*"
            },
            "require-dev": {
                "composer/composer": "^2.1.9@RC",
                "laminas/laminas-coding-standard": "~2.3.0",
                "mikey179/vfsstream": "^1.6.10",
                "phpunit/phpunit": "^9.5.19",
                "psalm/plugin-phpunit": "^0.16.1",
                "vimeo/psalm": "^4.22.0",
                "webmozart/assert": "^1.10.0"
            },
            "type": "composer-plugin",
            "extra": {
                "class": "Laminas\\ComponentInstaller\\ComponentInstaller"
            },
            "autoload": {
                "psr-4": {
                    "Laminas\\ComponentInstaller\\": "src/"
                }
            },
            "notification-url": "https://packagist.org/downloads/",
            "license": [
                "BSD-3-Clause"
            ],
            "description": "Composer plugin for injecting modules and configuration providers into application configuration",
            "homepage": "https://laminas.dev",
            "keywords": [
                "component installer",
                "composer",
                "laminas",
                "plugin"
            ],
            "support": {
                "chat": "https://laminas.dev/chat",
                "docs": "https://docs.laminas.dev/laminas-component-installer/",
                "forum": "https://discourse.laminas.dev",
                "issues": "https://github.com/laminas/laminas-component-installer/issues",
                "rss": "https://github.com/laminas/laminas-component-installer/releases.atom",
                "source": "https://github.com/laminas/laminas-component-installer"
            },
            "funding": [
                {
                    "url": "https://funding.communitybridge.org/projects/laminas-project",
                    "type": "community_bridge"
                }
            ],
            "time": "2022-07-03T21:27:51+00:00"
        },
        {
            "name": "laminas/laminas-servicemanager",
            "version": "3.20.0",
            "source": {
                "type": "git",
                "url": "https://github.com/laminas/laminas-servicemanager.git",
                "reference": "bc2c2cbe2dd90db8b9d16b0618f542692b76ab59"
            },
            "dist": {
                "type": "zip",
                "url": "https://api.github.com/repos/laminas/laminas-servicemanager/zipball/bc2c2cbe2dd90db8b9d16b0618f542692b76ab59",
                "reference": "bc2c2cbe2dd90db8b9d16b0618f542692b76ab59",
                "shasum": ""
            },
            "require": {
                "laminas/laminas-stdlib": "^3.2.1",
                "php": "~8.0.0 || ~8.1.0 || ~8.2.0",
                "psr/container": "^1.0"
            },
            "conflict": {
                "ext-psr": "*",
                "laminas/laminas-code": "<3.3.1",
                "zendframework/zend-code": "<3.3.1",
                "zendframework/zend-servicemanager": "*"
            },
            "provide": {
                "psr/container-implementation": "^1.0"
            },
            "replace": {
                "container-interop/container-interop": "^1.2.0"
            },
            "require-dev": {
                "composer/package-versions-deprecated": "^1.11.99.5",
                "laminas/laminas-coding-standard": "~2.4.0",
                "laminas/laminas-container-config-test": "^0.8",
                "laminas/laminas-dependency-plugin": "^2.2",
                "mikey179/vfsstream": "^1.6.11@alpha",
                "ocramius/proxy-manager": "^2.14.1",
                "phpbench/phpbench": "^1.2.7",
                "phpunit/phpunit": "^9.5.26",
                "psalm/plugin-phpunit": "^0.18.0",
                "vimeo/psalm": "^5.0.0"
            },
            "suggest": {
                "ocramius/proxy-manager": "ProxyManager ^2.1.1 to handle lazy initialization of services"
            },
            "bin": [
                "bin/generate-deps-for-config-factory",
                "bin/generate-factory-for-class"
            ],
            "type": "library",
            "autoload": {
                "files": [
                    "src/autoload.php"
                ],
                "psr-4": {
                    "Laminas\\ServiceManager\\": "src/"
                }
            },
            "notification-url": "https://packagist.org/downloads/",
            "license": [
                "BSD-3-Clause"
            ],
            "description": "Factory-Driven Dependency Injection Container",
            "homepage": "https://laminas.dev",
            "keywords": [
                "PSR-11",
                "dependency-injection",
                "di",
                "dic",
                "laminas",
                "service-manager",
                "servicemanager"
            ],
            "support": {
                "chat": "https://laminas.dev/chat",
                "docs": "https://docs.laminas.dev/laminas-servicemanager/",
                "forum": "https://discourse.laminas.dev",
                "issues": "https://github.com/laminas/laminas-servicemanager/issues",
                "rss": "https://github.com/laminas/laminas-servicemanager/releases.atom",
                "source": "https://github.com/laminas/laminas-servicemanager"
            },
            "funding": [
                {
                    "url": "https://funding.communitybridge.org/projects/laminas-project",
                    "type": "community_bridge"
                }
            ],
            "time": "2022-12-01T17:03:38+00:00"
        },
        {
            "name": "laminas/laminas-stdlib",
            "version": "3.17.0",
            "source": {
                "type": "git",
                "url": "https://github.com/laminas/laminas-stdlib.git",
                "reference": "dd35c868075bad80b6718959740913e178eb4274"
            },
            "dist": {
                "type": "zip",
                "url": "https://api.github.com/repos/laminas/laminas-stdlib/zipball/dd35c868075bad80b6718959740913e178eb4274",
                "reference": "dd35c868075bad80b6718959740913e178eb4274",
                "shasum": ""
            },
            "require": {
                "php": "~8.1.0 || ~8.2.0"
            },
            "conflict": {
                "zendframework/zend-stdlib": "*"
            },
            "require-dev": {
                "laminas/laminas-coding-standard": "^2.5",
                "phpbench/phpbench": "^1.2.9",
                "phpunit/phpunit": "^10.0.16",
                "psalm/plugin-phpunit": "^0.18.4",
                "vimeo/psalm": "^5.8"
            },
            "type": "library",
            "autoload": {
                "psr-4": {
                    "Laminas\\Stdlib\\": "src/"
                }
            },
            "notification-url": "https://packagist.org/downloads/",
            "license": [
                "BSD-3-Clause"
            ],
            "description": "SPL extensions, array utilities, error handlers, and more",
            "homepage": "https://laminas.dev",
            "keywords": [
                "laminas",
                "stdlib"
            ],
            "support": {
                "chat": "https://laminas.dev/chat",
                "docs": "https://docs.laminas.dev/laminas-stdlib/",
                "forum": "https://discourse.laminas.dev",
                "issues": "https://github.com/laminas/laminas-stdlib/issues",
                "rss": "https://github.com/laminas/laminas-stdlib/releases.atom",
                "source": "https://github.com/laminas/laminas-stdlib"
            },
            "funding": [
                {
                    "url": "https://funding.communitybridge.org/projects/laminas-project",
                    "type": "community_bridge"
                }
            ],
            "time": "2023-03-20T13:51:37+00:00"
        },
        {
            "name": "psr/container",
            "version": "1.1.2",
            "source": {
                "type": "git",
                "url": "https://github.com/php-fig/container.git",
                "reference": "513e0666f7216c7459170d56df27dfcefe1689ea"
            },
            "dist": {
                "type": "zip",
                "url": "https://api.github.com/repos/php-fig/container/zipball/513e0666f7216c7459170d56df27dfcefe1689ea",
                "reference": "513e0666f7216c7459170d56df27dfcefe1689ea",
                "shasum": ""
            },
            "require": {
                "php": ">=7.4.0"
            },
            "type": "library",
            "autoload": {
                "psr-4": {
                    "Psr\\Container\\": "src/"
                }
            },
            "notification-url": "https://packagist.org/downloads/",
            "license": [
                "MIT"
            ],
            "authors": [
                {
                    "name": "PHP-FIG",
                    "homepage": "https://www.php-fig.org/"
                }
            ],
            "description": "Common Container Interface (PHP FIG PSR-11)",
            "homepage": "https://github.com/php-fig/container",
            "keywords": [
                "PSR-11",
                "container",
                "container-interface",
                "container-interop",
                "psr"
            ],
            "support": {
                "issues": "https://github.com/php-fig/container/issues",
                "source": "https://github.com/php-fig/container/tree/1.1.2"
            },
            "time": "2021-11-05T16:50:12+00:00"
        },
        {
            "name": "webinertia/webinertia-utils",
            "version": "0.0.7",
            "source": {
                "type": "git",
                "url": "https://github.com/webinertia/utils.git",
                "reference": "ac04017fefe49eae56d888f4393b0abc41796c25"
            },
            "dist": {
                "type": "zip",
                "url": "https://api.github.com/repos/webinertia/utils/zipball/ac04017fefe49eae56d888f4393b0abc41796c25",
                "reference": "ac04017fefe49eae56d888f4393b0abc41796c25",
                "shasum": ""
            },
            "require": {
                "laminas/laminas-component-installer": "^2.8.0",
                "laminas/laminas-servicemanager": "^3.11.1",
                "php": "^8.0.0 || ~8.1.1"
            },
            "suggest": {
                "laminas/laminas-component-installer": "^2.8.0, required for configuration injection"
            },
            "type": "library",
            "extra": {
                "laminas": {
                    "component": "Webinertia\\Utils",
                    "config-provider": "Webinertia\\Utils\\ConfigProvider"
                }
            },
            "autoload": {
                "psr-4": {
                    "Webinertia\\Utils\\": "src/"
                }
            },
            "notification-url": "https://packagist.org/downloads/",
            "license": [
                "BSD-3-Clause"
            ],
            "description": "Webinertia Org Utilities",
            "homepage": "https://github.com/webinertia",
            "keywords": [
                "utils",
                "webinertia"
            ],
            "support": {
                "chat": "https://github.com/webinertia/modelmanager/discussions",
                "docs": "https://github.com/webinertia/modelmanager/wiki",
                "issues": "https://github.com/webinertia/modelmanager/issues",
                "source": "https://github.com/webinertia/modelmanager"
            },
            "time": "2023-03-29T17:39:27+00:00"
        }
    ],
    "packages-dev": [],
    "aliases": [],
    "minimum-stability": "stable",
    "stability-flags": [],
    "prefer-stable": false,
    "prefer-lowest": false,
    "platform": [],
    "platform-dev": [],
    "plugin-api-version": "2.3.0"
}
